
Microsoft Visual Studio Solution File, Format Version 12.00
# Visual Studio 15
VisualStudioVersion = 15.0.28307.572
MinimumVisualStudioVersion = 10.0.40219.1
Project("{FAE04EC0-301F-11D3-BF4B-00C04F79EFBC}") = "WcfDataContracts", "WcfDataContracts\WcfDataContracts.csproj", "{FBC00855-A623-43D9-B78D-3B7CEDAD9AE5}"
EndProject
Project("{FAE04EC0-301F-11D3-BF4B-00C04F79EFBC}") = "WcfHost", "WcfHost\WcfHost.csproj", "{2F99A4CE-99EA-4990-8A2C-3BB845841972}"
EndProject
Project("{FAE04EC0-301F-11D3-BF4B-00C04F79EFBC}") = "WcfClient", "WcfClient\WcfClient.csproj", "{DCC4860B-6491-46DA-B11D-A3D30B6E0BA9}"
EndProject
Global
	GlobalSection(SolutionConfigurationPlatforms) = preSolution
		Debug|Any CPU = Debug|Any CPU
		Release|Any CPU = Release|Any CPU
	EndGlobalSection
	GlobalSection(ProjectConfigurationPlatforms) = postSolution
		{FBC00855-A623-43D9-B78D-3B7CEDAD9AE5}.Debug|Any CPU.ActiveCfg = Debug|Any CPU
		{FBC00855-A623-43D9-B78D-3B7CEDAD9AE5}.Debug|Any CPU.Build.0 = Debug|Any CPU
		{FBC00855-A623-43D9-B78D-3B7CEDAD9AE5}.Release|Any CPU.ActiveCfg = Release|Any CPU
		{FBC00855-A623-43D9-B78D-3B7CEDAD9AE5}.Release|Any CPU.Build.0 = Release|Any CPU
		{2F99A4CE-99EA-4990-8A2C-3BB845841972}.Debug|Any CPU.ActiveCfg = Debug|Any CPU
		{2F99A4CE-99EA-4990-8A2C-3BB845841972}.Debug|Any CPU.Build.0 = Debug|Any CPU
		{2F99A4CE-99EA-4990-8A2C-3BB845841972}.Release|Any CPU.ActiveCfg = Release|Any CPU
		{2F99A4CE-99EA-4990-8A2C-3BB845841972}.Release|Any CPU.Build.0 = Release|Any CPU
		{DCC4860B-6491-46DA-B11D-A3D30B6E0BA9}.Debug|Any CPU.ActiveCfg = Debug|Any CPU
		{DCC4860B-6491-46DA-B11D-A3D30B6E0BA9}.Debug|Any CPU.Build.0 = Debug|Any CPU
		{DCC4860B-6491-46DA-B11D-A3D30B6E0BA9}.Release|Any CPU.ActiveCfg = Release|Any CPU
		{DCC4860B-6491-46DA-B11D-A3D30B6E0BA9}.Release|Any CPU.Build.0 = Release|Any CPU
	EndGlobalSection
	GlobalSection(SolutionProperties) = preSolution
		HideSolutionNode = FALSE
	EndGlobalSection
	GlobalSection(ExtensibilityGlobals) = postSolution
		SolutionGuid = {F7CA4746-B594-4B9A-A58D-6F1AFF94D441}
	EndGlobalSection
EndGlobal
